{
  "version": 5,
  "types": {
    "example.com/erp/app/sales.CustomerEntity": {
      "discriminator": "",
      "fields": [
        {
          "name": "ID",
          "wire": "id",
          "shape": "string"
        },
        {
          "name": "Name",
          "wire": "name",
          "shape": "string"
        },
        {
          "name": "Notes",
          "wire": "notes",
          "shape": "[]string",
          "optional": true
        }
      ]
    },
    "example.com/erp/app/sales.QuoteSubmitted": {
      "discriminator": "sales.quote.submitted.v1",
      "fields": [
        {
          "name": "QuoteID",
          "wire": "QuoteID",
          "shape": "string"
        },
        {
          "name": "QuoteNumber",
          "wire": "QuoteNumber",
          "shape": "string"
        },
        {
          "name": "Channel",
          "wire": "Channel",
          "shape": "string",
          "optional": true
        }
      ]
    }
  },
  "requirements": {
    "R-CUSTOMER-MASTERDATA": {
      "text": "b2e8b2f3084aea7c7551d0a791d7deaafd9b05614141adbbd81946d6f314f1f6",
      "title": "Customer master data",
      "from": "requirements/_sources/sales/quoteflow.md#2-kunde"
    },
    "R-DEC-CUSTOMER-STATE": {
      "text": "8ca1347ae5b30bb0448f78bdee8e61704dad2ba8d63e2b630ca5739bb6f73e4a",
      "title": "Customers are kept as current state",
      "from": "requirements/_sources/sales/quoteflow.md#2-kunde"
    },
    "R-DEC-NUMBERING": {
      "text": "93273dba4c2505200ec0324fc5d8bedf730fd28bec5de6c8b060a9342ffe6f49",
      "title": "Central number registry"
    },
    "R-DEC-QUOTE-EVENTSOURCED": {
      "text": "f232951aace120dff16e12f65862ac611370427618e7a7a1aed974f78c9f5efe",
      "title": "Quotations are kept as a log of facts",
      "from": "requirements/_sources/sales/quoteflow.md#9-versand"
    },
    "R-NFR-TRACEABILITY": {
      "text": "1dfd3106b8d4b1249509c5f7f79cf7c24762c25ae14b94716e01c2e05ded2fd4",
      "title": "Stored facts are attributable"
    },
    "R-QUOTE-APPROVE": {
      "text": "970ef61d9861676ea0fb67090ecad6e3b75a5509018749e3130824b2540020e9",
      "title": "Approval gate",
      "from": "requirements/_sources/sales/quoteflow.md#9-versand"
    },
    "R-QUOTE-CHANNEL": {
      "text": "9cf68906e55b34959f2fdb8c2304c4c31d76b139487df6a5c6e7b450605be309",
      "title": "Dispatch channel",
      "from": "requirements/_sources/sales/quoteflow.md#9-versand"
    },
    "R-QUOTE-OVERVIEW": {
      "text": "6ad3b0aaabe63b7dd78766ef138028a5f1e02f5781b622b59cc7e88aef01e370",
      "title": "Quotation overview per customer",
      "from": "requirements/_sources/sales/quoteflow.md#10-übersicht"
    },
    "R-QUOTE-SUBMIT": {
      "text": "f020cd386063d66da712d2d605cb8ab2ef92ec1c6560d40e9fd047d85e8d792b",
      "title": "Quote number on submission",
      "from": "requirements/_sources/sales/quoteflow.md#8-abgabe"
    }
  },
  "sources": {
    "requirements/_sources/sales/quoteflow.md#10-übersicht": {
      "fingerprint": "da8ae96c9beab311600989e4e68eacb199b05cea13475fbf42a2f7785cf7e997",
      "kind": "markdown"
    },
    "requirements/_sources/sales/quoteflow.md#2-kunde": {
      "fingerprint": "e99d99faf7baea137449e805622b5bab07b0cc143d601beb715750e6d83eb2e1",
      "kind": "markdown"
    },
    "requirements/_sources/sales/quoteflow.md#8-abgabe": {
      "fingerprint": "51f14183e870261977e85496cacb3f04403662c130bb43109b5dfd09a4fe91e2",
      "kind": "markdown"
    },
    "requirements/_sources/sales/quoteflow.md#9-versand": {
      "fingerprint": "117ce4e25121ec32fbf6f891daccad4f5da40c0cf3e193389bb68631151628e0",
      "kind": "markdown"
    },
    "requirements/_sources/sales/quoteflow.md#angebotsfluss": {
      "fingerprint": "48016ee3834448eb66e03561a7a94788323e159b1e73b2854d2ab308143b1fcf",
      "kind": "markdown"
    },
    "requirements/_sources/sales/quotescreen.png#abgabeknopf": {
      "fingerprint": "8bb497ada4fc03b4820af438f2237442f7607fbe83d9235c595341763635bfc4",
      "kind": "image"
    },
    "requirements/_sources/sales/quotescreen.png#angebotsliste": {
      "fingerprint": "0eea4ebad438405e350fdd69845fe54b10977a7c56323cdd0c74ae0698089b5f",
      "kind": "image"
    },
    "requirements/_sources/sales/quotescreen.png#kopfleiste": {
      "fingerprint": "225ca4181a596e32ad9a01ca04f53b426ac9b6ac0cc78d698b62cd2d7877e2d7",
      "kind": "image"
    },
    "requirements/_sources/sales/quotescreen.png#kundenfeld": {
      "fingerprint": "d3af1c4dde4270352f306553f72dfa6e033aa88a3c27499f9b5bd90f25c31dbf",
      "kind": "image"
    }
  },
  "verifications": {
    "R-CUSTOMER-MASTERDATA": [
      {
        "test": "TestCustomerMappingKeepsEveryField",
        "text": "b2e8b2f3084aea7c7551d0a791d7deaafd9b05614141adbbd81946d6f314f1f6"
      }
    ],
    "R-DEC-QUOTE-EVENTSOURCED": [
      {
        "test": "TestQuoteStateIsFoldedFromItsFacts",
        "text": "f232951aace120dff16e12f65862ac611370427618e7a7a1aed974f78c9f5efe"
      }
    ],
    "R-NFR-TRACEABILITY": [
      {
        "test": "TestEveryStoredFactIdentifiesItsSubject",
        "text": "1dfd3106b8d4b1249509c5f7f79cf7c24762c25ae14b94716e01c2e05ded2fd4"
      }
    ],
    "R-QUOTE-APPROVE": [
      {
        "test": "TestApproveQuoteRequiresLegalSignOff",
        "text": "970ef61d9861676ea0fb67090ecad6e3b75a5509018749e3130824b2540020e9"
      }
    ],
    "R-QUOTE-CHANNEL": [
      {
        "test": "TestSubmissionRecordsTheChannel",
        "text": "9cf68906e55b34959f2fdb8c2304c4c31d76b139487df6a5c6e7b450605be309"
      }
    ],
    "R-QUOTE-OVERVIEW": [
      {
        "test": "TestOverviewCountsSubmissionsAndKeepsTheLastNumber",
        "text": "6ad3b0aaabe63b7dd78766ef138028a5f1e02f5781b622b59cc7e88aef01e370"
      }
    ],
    "R-QUOTE-SUBMIT": [
      {
        "test": "TestSubmitQuoteDrawsAGaplessNumber",
        "text": "f020cd386063d66da712d2d605cb8ab2ef92ec1c6560d40e9fd047d85e8d792b"
      },
      {
        "test": "TestSubmitQuoteFailsWhenNoNumberCanBeDrawn",
        "text": "f020cd386063d66da712d2d605cb8ab2ef92ec1c6560d40e9fd047d85e8d792b"
      }
    ]
  },
  "endpoints": {
    "DELETE /api/v1/quotes/{quoteId}": {
      "useCases": [
        "example.com/erp/app/sales.WithdrawQuote"
      ],
      "package": "example.com/erp/cmd/erp"
    },
    "GET /api/v1/quotes": {
      "useCases": [
        "example.com/erp/app/sales.ListQuotes"
      ],
      "package": "example.com/erp/cmd/erp"
    },
    "POST /api/v1/quotes": {
      "useCases": [
        "example.com/erp/app/sales.SubmitQuote"
      ],
      "package": "example.com/erp/cmd/erp"
    }
  }
}
