{
  "version": 1,
  "types": {
    "example.com/erp/app/sales.CustomerEntity": {
      "discriminator": "",
      "fields": [
        {
          "name": "ID",
          "wire": "id",
          "shape": "string"
        },
        {
          "name": "Name",
          "wire": "name",
          "shape": "string"
        },
        {
          "name": "Notes",
          "wire": "notes",
          "shape": "[]string",
          "optional": true
        }
      ]
    },
    "example.com/erp/app/sales.QuoteSubmitted": {
      "discriminator": "sales.quote.submitted.v1",
      "fields": [
        {
          "name": "QuoteID",
          "wire": "QuoteID",
          "shape": "string"
        },
        {
          "name": "QuoteNumber",
          "wire": "QuoteNumber",
          "shape": "string"
        },
        {
          "name": "Channel",
          "wire": "Channel",
          "shape": "string",
          "optional": true
        }
      ]
    }
  }
}
